<?xml version="1.0" encoding="utf-8"?>
<Project ToolsVersion="4.0" xmlns="http://schemas.microsoft.com/developer/msbuild/2003">
  <ItemGroup>
    <Filter Include="rsa">
      <UniqueIdentifier>{d8603cf4-fab2-4e3c-b630-0b227bea1434}</UniqueIdentifier>
    </Filter>
  </ItemGroup>
  <ItemGroup>
    <ClInclude Include="rsa_math__big_uint.h">
      <Filter>rsa</Filter>
    </ClInclude>
    <ClInclude Include="rsa_math__primes.h">
      <Filter>rsa</Filter>
    </ClInclude>
    <ClInclude Include="rsa_math_ops__operations.h">
      <Filter>rsa</Filter>
    </ClInclude>
    <ClInclude Include="rsa_math__utils.h">
      <Filter>rsa</Filter>
    </ClInclude>
    <ClInclude Include="rsa__debug.h">
      <Filter>rsa</Filter>
    </ClInclude>
  </ItemGroup>
  <ItemGroup>
    <ClCompile Include="rsa__debug.cpp">
      <Filter>rsa</Filter>
    </ClCompile>
  </ItemGroup>
</Project>