<?xml version="1.0" encoding="utf-8"?>
<Project ToolsVersion="4.0" xmlns="http://schemas.microsoft.com/developer/msbuild/2003">
  <ItemGroup>
    <ClCompile Include="main.cpp" />
    <ClCompile Include="test__rsa_math__big_uint.cpp">
      <Filter>test</Filter>
    </ClCompile>
  </ItemGroup>
  <ItemGroup>
    <Filter Include="test">
      <UniqueIdentifier>{284db9b8-040f-4b9d-b878-de051c5718e6}</UniqueIdentifier>
    </Filter>
    <Filter Include="rsa">
      <UniqueIdentifier>{d8603cf4-fab2-4e3c-b630-0b227bea1434}</UniqueIdentifier>
    </Filter>
  </ItemGroup>
  <ItemGroup>
    <ClInclude Include="rsa_math__big_uint.h">
      <Filter>rsa</Filter>
    </ClInclude>
    <ClInclude Include="rsa__utils.h">
      <Filter>rsa</Filter>
    </ClInclude>
    <ClInclude Include="rsa_math__primes.h">
      <Filter>rsa</Filter>
    </ClInclude>
    <ClInclude Include="test_utils__uint_max.h">
      <Filter>test</Filter>
    </ClInclude>
  </ItemGroup>
</Project>